{
  "name": "npm-melange",
  "version": "0.1.2",
  "lockfileVersion": 2,
  "requires": true,
  "packages": {
    "": {
      "version": "0.1.2",
      "hasInstallScript": true,
      "license": "MIT",
      "os": [
        "darwin",
        "linux"
      ],
      "bin": {
        "bsb": "bin/bsb",
        "bsb_helper": "bin/bsb_helper",
        "bsc": "bin/bsc"
      }
    }
  }
}
